
Microsoft Visual Studio Solution File, Format Version 12.00
# Visual Studio Version 16
VisualStudioVersion = 16.0.29613.14
MinimumVisualStudioVersion = 10.0.40219.1
Project("{FAE04EC0-301F-11D3-BF4B-00C04F79EFBC}") = "RVCS01", "RVCS01\RVCS01.csproj", "{F7AC61DE-2908-4A17-AA0B-D90025814BAB}"
EndProject
Global
	GlobalSection(SolutionConfigurationPlatforms) = preSolution
		Debug|Any CPU = Debug|Any CPU
		Release|Any CPU = Release|Any CPU
	EndGlobalSection
	GlobalSection(ProjectConfigurationPlatforms) = postSolution
		{F7AC61DE-2908-4A17-AA0B-D90025814BAB}.Debug|Any CPU.ActiveCfg = Debug|Any CPU
		{F7AC61DE-2908-4A17-AA0B-D90025814BAB}.Debug|Any CPU.Build.0 = Debug|Any CPU
		{F7AC61DE-2908-4A17-AA0B-D90025814BAB}.Release|Any CPU.ActiveCfg = Release|Any CPU
		{F7AC61DE-2908-4A17-AA0B-D90025814BAB}.Release|Any CPU.Build.0 = Release|Any CPU
	EndGlobalSection
	GlobalSection(SolutionProperties) = preSolution
		HideSolutionNode = FALSE
	EndGlobalSection
	GlobalSection(ExtensibilityGlobals) = postSolution
		SolutionGuid = {DB5C4BD6-CF3D-47EE-8B65-E6F9BDB4353B}
	EndGlobalSection
EndGlobal
